
Microsoft Visual Studio Solution File, Format Version 12.00
# Visual Studio Version 16
VisualStudioVersion = 16.0.31205.134
MinimumVisualStudioVersion = 10.0.40219.1

Project("{FAE04EC0-301F-11D3-BF4B-00C04F79EFBC}") = "Receiver", "./Receiver/Receiver.csproj", "{245BF8BF-3DE0-4BB3-AE45-6A8B487E4027}"
EndProject

Global
	GlobalSection(SolutionConfigurationPlatforms) = preSolution
		Debug|Any CPU = Debug|Any CPU
		Release|Any CPU = Release|Any CPU
	EndGlobalSection
	GlobalSection(ProjectConfigurationPlatforms) = postSolution

		{245BF8BF-3DE0-4BB3-AE45-6A8B487E4027}.Debug|Any CPU.ActiveCfg = Debug|Any CPU
		{245BF8BF-3DE0-4BB3-AE45-6A8B487E4027}.Debug|Any CPU.Build.0 = Debug|Any CPU
		{245BF8BF-3DE0-4BB3-AE45-6A8B487E4027}.Release|Any CPU.ActiveCfg = Release|Any CPU
		{245BF8BF-3DE0-4BB3-AE45-6A8B487E4027}.Release|Any CPU.Build.0 = Release|Any CPU
	EndGlobalSection
	GlobalSection(SolutionProperties) = preSolution
		HideSolutionNode = FALSE
	EndGlobalSection
	GlobalSection(ExtensibilityGlobals) = postSolution
		SolutionGuid = {47FD2436-EED9-4A05-B95F-D6314FEBBC37}
	EndGlobalSection
EndGlobal
